
Microsoft Visual Studio Solution File, Format Version 12.00
# Visual Studio Version 17
VisualStudioVersion = 17.5.002.0
MinimumVisualStudioVersion = 10.0.40219.1
Project("{FAE04EC0-301F-11D3-BF4B-00C04F79EFBC}") = "TaskTracker", "TaskTracker\TaskTracker.csproj", "{88D142E1-5955-4643-A22D-18FAAB1CE748}"
EndProject
Project("{FAE04EC0-301F-11D3-BF4B-00C04F79EFBC}") = "TaskTracker.Tests", "TaskTracker.Tests\TaskTracker.Tests.csproj", "{FFF9E990-DC02-4CDC-8450-77AEC808DD6A}"
EndProject
Global
	GlobalSection(SolutionConfigurationPlatforms) = preSolution
		Debug|Any CPU = Debug|Any CPU
		Release|Any CPU = Release|Any CPU
	EndGlobalSection
	GlobalSection(ProjectConfigurationPlatforms) = postSolution
		{88D142E1-5955-4643-A22D-18FAAB1CE748}.Debug|Any CPU.ActiveCfg = Debug|Any CPU
		{88D142E1-5955-4643-A22D-18FAAB1CE748}.Debug|Any CPU.Build.0 = Debug|Any CPU
		{88D142E1-5955-4643-A22D-18FAAB1CE748}.Release|Any CPU.ActiveCfg = Release|Any CPU
		{88D142E1-5955-4643-A22D-18FAAB1CE748}.Release|Any CPU.Build.0 = Release|Any CPU
		{FFF9E990-DC02-4CDC-8450-77AEC808DD6A}.Debug|Any CPU.ActiveCfg = Debug|Any CPU
		{FFF9E990-DC02-4CDC-8450-77AEC808DD6A}.Debug|Any CPU.Build.0 = Debug|Any CPU
		{FFF9E990-DC02-4CDC-8450-77AEC808DD6A}.Release|Any CPU.ActiveCfg = Release|Any CPU
		{FFF9E990-DC02-4CDC-8450-77AEC808DD6A}.Release|Any CPU.Build.0 = Release|Any CPU
	EndGlobalSection
	GlobalSection(SolutionProperties) = preSolution
		HideSolutionNode = FALSE
	EndGlobalSection
	GlobalSection(ExtensibilityGlobals) = postSolution
		SolutionGuid = {7959B6E3-92F7-49B9-9BE8-3E9A781E9266}
	EndGlobalSection
EndGlobal
